{
    "_meta": {
        "hash": {
            "sha256": "e6e3800391c7fa5df92662ab4be2de2badaeccfde2c4afd33d2472f118d8c01f"
        },
        "requires": {},
        "sources": [
            {
                "url": "https://pypi.python.org/simple",
                "verify_ssl": true
            }
        ]
    },
    "default": {
        "openhtf": {
            "git": "https://github.com/google/openhtf.git",
            "ref": "0908920c8d"
        }
    },
    "develop": {
        "pluggy": {
            "version": "==0.4.0"
        },
        "py": {
            "version": "==1.4.34"
        },
        "tox": {
            "version": "==2.7.0"
        },
        "tox-run-command": {
            "git": "https://github.com/dstanek/tox-run-command.git"
        },
        "virtualenv": {
            "version": "==15.1.0"
        }
    }
}
