{
    "_meta": {
        "hash": {
            "sha256": "6d9144eb7899c73fe57a94e0b5d652411b93fad7cf804cec1b86c6a9b6a770b2"
        },
        "requires": {},
        "sources": [
            {
                "url": "https://pypi.python.org/simple",
                "verify_ssl": true
            }
        ]
    },
    "default": {
        "openhtf": {
            "git": "https://github.com/google/openhtf.git",
            "ref": "0908920c8d"
        }
    },
    "develop": {
        "pluggy": {
            "version": "==0.4.0"
        },
        "py": {
            "version": "==1.4.34"
        },
        "tox": {
            "version": "==2.7.0"
        },
        "virtualenv": {
            "version": "==15.1.0"
        }
    }
}
